
Microsoft Visual Studio Solution File, Format Version 12.00
# Visual Studio Version 17
VisualStudioVersion = 17.11.35327.3
MinimumVisualStudioVersion = 10.0.40219.1
Project("{FAE04EC0-301F-11D3-BF4B-00C04F79EFBC}") = "WinFormsRender3D", "WinFormsRender3D.csproj", "{79BFA70B-ECFC-48A2-9C50-BD4FF3EA2828}"
EndProject
Global
	GlobalSection(SolutionConfigurationPlatforms) = preSolution
		Debug|Any CPU = Debug|Any CPU
		Release|Any CPU = Release|Any CPU
	EndGlobalSection
	GlobalSection(ProjectConfigurationPlatforms) = postSolution
		{79BFA70B-ECFC-48A2-9C50-BD4FF3EA2828}.Debug|Any CPU.ActiveCfg = Debug|Any CPU
		{79BFA70B-ECFC-48A2-9C50-BD4FF3EA2828}.Debug|Any CPU.Build.0 = Debug|Any CPU
		{79BFA70B-ECFC-48A2-9C50-BD4FF3EA2828}.Release|Any CPU.ActiveCfg = Release|Any CPU
		{79BFA70B-ECFC-48A2-9C50-BD4FF3EA2828}.Release|Any CPU.Build.0 = Release|Any CPU
	EndGlobalSection
	GlobalSection(SolutionProperties) = preSolution
		HideSolutionNode = FALSE
	EndGlobalSection
	GlobalSection(ExtensibilityGlobals) = postSolution
		SolutionGuid = {04BB0DC4-63B6-4034-9A83-755A43E8504E}
	EndGlobalSection
EndGlobal
